{
  "name": "coinbase_auto",
  "version": "1.0.0",
  "lockfileVersion": 1,
  "requires": true,
  "dependencies": {
    "@types/node": {
      "version": "14.14.17",
      "resolved": "https://registry.npmjs.org/@types/node/-/node-14.14.17.tgz",
      "integrity": "sha512-G0lD1/7qD60TJ/mZmhog76k7NcpLWkPVGgzkRy3CTlnFu4LUQh5v2Wa661z6vnXmD8EQrnALUyf0VRtrACYztw=="
    },
    "@types/ws": {
      "version": "7.4.0",
      "resolved": "https://registry.npmjs.org/@types/ws/-/ws-7.4.0.tgz",
      "integrity": "sha512-Y29uQ3Uy+58bZrFLhX36hcI3Np37nqWE7ky5tjiDoy1GDZnIwVxS0CgF+s+1bXMzjKBFy+fqaRfb708iNzdinw==",
      "requires": {
        "@types/node": "*"
      }
    },
    "axios": {
      "version": "0.21.0",
      "resolved": "https://registry.npmjs.org/axios/-/axios-0.21.0.tgz",
      "integrity": "sha512-fmkJBknJKoZwem3/IKSSLpkdNXZeBu5Q7GA/aRsr2btgrptmSCxi2oFjZHqGdK9DoTil9PIHlPIZw2EcRJXRvw==",
      "requires": {
        "follow-redirects": "^1.10.0"
      }
    },
    "axios-retry": {
      "version": "3.1.9",
      "resolved": "https://registry.npmjs.org/axios-retry/-/axios-retry-3.1.9.tgz",
      "integrity": "sha512-NFCoNIHq8lYkJa6ku4m+V1837TP6lCa7n79Iuf8/AqATAHYB0ISaAS1eyIenDOfHOLtym34W65Sjke2xjg2fsA==",
      "requires": {
        "is-retry-allowed": "^1.1.0"
      }
    },
    "bufferutil": {
      "version": "4.0.2",
      "resolved": "https://registry.npmjs.org/bufferutil/-/bufferutil-4.0.2.tgz",
      "integrity": "sha512-AtnG3W6M8B2n4xDQ5R+70EXvOpnXsFYg/AK2yTZd+HQ/oxAdz+GI+DvjmhBw3L0ole+LJ0ngqY4JMbDzkfNzhA==",
      "requires": {
        "node-gyp-build": "^4.2.0"
      }
    },
    "coinbase-pro-node": {
      "version": "2.14.0",
      "resolved": "https://registry.npmjs.org/coinbase-pro-node/-/coinbase-pro-node-2.14.0.tgz",
      "integrity": "sha512-K3LChPnadtwlwq8Bpzu5/PGKOyTxUNNVQkZgw2kOO6qz0dhSbRJkKNrvM6vWOzk5OkKS422B0Qf9R2wzgS1+dA==",
      "requires": {
        "@types/ws": "7.4.0",
        "axios": "0.21.0",
        "axios-retry": "3.1.9",
        "bufferutil": "4.0.2",
        "reconnecting-websocket": "4.4.0",
        "utf-8-validate": "5.0.3",
        "ws": "7.4.0"
      }
    },
    "follow-redirects": {
      "version": "1.13.1",
      "resolved": "https://registry.npmjs.org/follow-redirects/-/follow-redirects-1.13.1.tgz",
      "integrity": "sha512-SSG5xmZh1mkPGyKzjZP8zLjltIfpW32Y5QpdNJyjcfGxK3qo3NDDkZOZSFiGn1A6SclQxY9GzEwAHQ3dmYRWpg=="
    },
    "is-retry-allowed": {
      "version": "1.2.0",
      "resolved": "https://registry.npmjs.org/is-retry-allowed/-/is-retry-allowed-1.2.0.tgz",
      "integrity": "sha512-RUbUeKwvm3XG2VYamhJL1xFktgjvPzL0Hq8C+6yrWIswDy3BIXGqCxhxkc30N9jqK311gVU137K8Ei55/zVJRg=="
    },
    "node-gyp-build": {
      "version": "4.2.3",
      "resolved": "https://registry.npmjs.org/node-gyp-build/-/node-gyp-build-4.2.3.tgz",
      "integrity": "sha512-MN6ZpzmfNCRM+3t57PTJHgHyw/h4OWnZ6mR8P5j/uZtqQr46RRuDE/P+g3n0YR/AiYXeWixZZzaip77gdICfRg=="
    },
    "reconnecting-websocket": {
      "version": "4.4.0",
      "resolved": "https://registry.npmjs.org/reconnecting-websocket/-/reconnecting-websocket-4.4.0.tgz",
      "integrity": "sha512-D2E33ceRPga0NvTDhJmphEgJ7FUYF0v4lr1ki0csq06OdlxKfugGzN0dSkxM/NfqCxYELK4KcaTOUOjTV6Dcng=="
    },
    "utf-8-validate": {
      "version": "5.0.3",
      "resolved": "https://registry.npmjs.org/utf-8-validate/-/utf-8-validate-5.0.3.tgz",
      "integrity": "sha512-jtJM6fpGv8C1SoH4PtG22pGto6x+Y8uPprW0tw3//gGFhDDTiuksgradgFN6yRayDP4SyZZa6ZMGHLIa17+M8A==",
      "requires": {
        "node-gyp-build": "^4.2.0"
      }
    },
    "ws": {
      "version": "7.4.0",
      "resolved": "https://registry.npmjs.org/ws/-/ws-7.4.0.tgz",
      "integrity": "sha512-kyFwXuV/5ymf+IXhS6f0+eAFvydbaBW3zjpT6hUdAh/hbVjTIB5EHBGi0bPoCLSK2wcuz3BrEkB9LrYv1Nm4NQ=="
    }
  }
}
